
Microsoft Visual Studio Solution File, Format Version 12.00
# Visual Studio Version 17
VisualStudioVersion = 17.4.33110.190
MinimumVisualStudioVersion = 10.0.40219.1
Project("{9A19103F-16F7-4668-BE54-9A1E7A4F7556}") = "VirusJump", "VirusJump.csproj", "{6A8BA061-AFC3-4F96-A977-41659FCB0D36}"
EndProject
Project("{9A19103F-16F7-4668-BE54-9A1E7A4F7556}") = "JumperLibrary", "..\JumperLibrary\JumperLibrary.csproj", "{EAADCC63-960D-4E61-AEB8-0DDB6E662AE7}"
EndProject
Project("{54435603-DBB4-11D2-8724-00A0C9A8B90C}") = "Setup1", "..\Setup1\Setup1.vdproj", "{FF08DD9D-DA40-4FDE-BC44-DC30039DE973}"
EndProject
Global
	GlobalSection(SolutionConfigurationPlatforms) = preSolution
		Debug|Any CPU = Debug|Any CPU
		Release|Any CPU = Release|Any CPU
	EndGlobalSection
	GlobalSection(ProjectConfigurationPlatforms) = postSolution
		{6A8BA061-AFC3-4F96-A977-41659FCB0D36}.Debug|Any CPU.ActiveCfg = Debug|Any CPU
		{6A8BA061-AFC3-4F96-A977-41659FCB0D36}.Debug|Any CPU.Build.0 = Debug|Any CPU
		{6A8BA061-AFC3-4F96-A977-41659FCB0D36}.Release|Any CPU.ActiveCfg = Release|Any CPU
		{6A8BA061-AFC3-4F96-A977-41659FCB0D36}.Release|Any CPU.Build.0 = Release|Any CPU
		{EAADCC63-960D-4E61-AEB8-0DDB6E662AE7}.Debug|Any CPU.ActiveCfg = Debug|Any CPU
		{EAADCC63-960D-4E61-AEB8-0DDB6E662AE7}.Debug|Any CPU.Build.0 = Debug|Any CPU
		{EAADCC63-960D-4E61-AEB8-0DDB6E662AE7}.Release|Any CPU.ActiveCfg = Release|Any CPU
		{EAADCC63-960D-4E61-AEB8-0DDB6E662AE7}.Release|Any CPU.Build.0 = Release|Any CPU
		{FF08DD9D-DA40-4FDE-BC44-DC30039DE973}.Debug|Any CPU.ActiveCfg = Debug
		{FF08DD9D-DA40-4FDE-BC44-DC30039DE973}.Release|Any CPU.ActiveCfg = Release
	EndGlobalSection
	GlobalSection(SolutionProperties) = preSolution
		HideSolutionNode = FALSE
	EndGlobalSection
	GlobalSection(ExtensibilityGlobals) = postSolution
		SolutionGuid = {F1608A08-A005-4777-BD5E-64ED1560355F}
	EndGlobalSection
EndGlobal
